{
  "object": {
    "pins": [
      {
        "package": "SwiftyChrono",
        "repositoryURL": "https://github.com/batmac/SwiftyChrono",
        "state": {
          "branch": "master",
          "revision": "e1bf3bde0f09112909157360b6bf39302f10ae5f",
          "version": null
        }
      }
    ]
  },
  "version": 1
}
